// !$*UTF8*$!
{
	archiveVersion = 1;
	classes = {
	};
	objectVersion = 55;
	objects = {

/* Begin PBXBuildFile section */
		910040022BD0077900A041EC /* AppDelegate.swift in Sources */ = {isa = PBXBuildFile; fileRef = 910040012BD0077900A041EC /* AppDelegate.swift */; };
		9100400B2BD0077A00A041EC /* Assets.xcassets in Resources */ = {isa = PBXBuildFile; fileRef = 9100400A2BD0077A00A041EC /* Assets.xcassets */; };
		9100400E2BD0077A00A041EC /* LaunchScreen.storyboard in Resources */ = {isa = PBXBuildFile; fileRef = 9100400C2BD0077A00A041EC /* LaunchScreen.storyboard */; };
		910040172BD007F400A041EC /* PositioningLabelAlternative.swift in Sources */ = {isa = PBXBuildFile; fileRef = 910040162BD007F400A041EC /* PositioningLabelAlternative.swift */; };
		910040192BD0081E00A041EC /* YellowView.swift in Sources */ = {isa = PBXBuildFile; fileRef = 910040182BD0081E00A041EC /* YellowView.swift */; };
		9100401B2BD0082700A041EC /* BlueView.swift in Sources */ = {isa = PBXBuildFile; fileRef = 9100401A2BD0082700A041EC /* BlueView.swift */; };
		9100401D2BD0084300A041EC /* Foundations.swift in Sources */ = {isa = PBXBuildFile; fileRef = 9100401C2BD0084300A041EC /* Foundations.swift */; };
/* End PBXBuildFile section */

/* Begin PBXFileReference section */
		91003FFE2BD0077900A041EC /* PositioningLabelAlternative.app */ = {isa = PBXFileReference; explicitFileType = wrapper.application; includeInIndex = 0; path = PositioningLabelAlternative.app; sourceTree = BUILT_PRODUCTS_DIR; };
		910040012BD0077900A041EC /* AppDelegate.swift */ = {isa = PBXFileReference; lastKnownFileType = sourcecode.swift; path = AppDelegate.swift; sourceTree = "<group>"; };
		9100400A2BD0077A00A041EC /* Assets.xcassets */ = {isa = PBXFileReference; lastKnownFileType = folder.assetcatalog; path = Assets.xcassets; sourceTree = "<group>"; };
		9100400D2BD0077A00A041EC /* Base */ = {isa = PBXFileReference; lastKnownFileType = file.storyboard; name = Base; path = Base.lproj/LaunchScreen.storyboard; sourceTree = "<group>"; };
		9100400F2BD0077A00A041EC /* Info.plist */ = {isa = PBXFileReference; lastKnownFileType = text.plist.xml; path = Info.plist; sourceTree = "<group>"; };
		910040162BD007F400A041EC /* PositioningLabelAlternative.swift */ = {isa = PBXFileReference; lastKnownFileType = sourcecode.swift; path = PositioningLabelAlternative.swift; sourceTree = "<group>"; };
		910040182BD0081E00A041EC /* YellowView.swift */ = {isa = PBXFileReference; lastKnownFileType = sourcecode.swift; path = YellowView.swift; sourceTree = "<group>"; };
		9100401A2BD0082700A041EC /* BlueView.swift */ = {isa = PBXFileReference; lastKnownFileType = sourcecode.swift; path = BlueView.swift; sourceTree = "<group>"; };
		9100401C2BD0084300A041EC /* Foundations.swift */ = {isa = PBXFileReference; lastKnownFileType = sourcecode.swift; path = Foundations.swift; sourceTree = "<group>"; };
/* End PBXFileReference section */

/* Begin PBXFrameworksBuildPhase section */
		91003FFB2BD0077900A041EC /* Frameworks */ = {
			isa = PBXFrameworksBuildPhase;
			buildActionMask = 2147483647;
			files = (
			);
			runOnlyForDeploymentPostprocessing = 0;
		};
/* End PBXFrameworksBuildPhase section */

/* Begin PBXGroup section */
		91003FF52BD0077900A041EC = {
			isa = PBXGroup;
			children = (
				910040002BD0077900A041EC /* PositioningLabelAlternative */,
				91003FFF2BD0077900A041EC /* Products */,
			);
			sourceTree = "<group>";
		};
		91003FFF2BD0077900A041EC /* Products */ = {
			isa = PBXGroup;
			children = (
				91003FFE2BD0077900A041EC /* PositioningLabelAlternative.app */,
			);
			name = Products;
			sourceTree = "<group>";
		};
		910040002BD0077900A041EC /* PositioningLabelAlternative */ = {
			isa = PBXGroup;
			children = (
				910040152BD0079D00A041EC /* File */,
				910040012BD0077900A041EC /* AppDelegate.swift */,
				910040162BD007F400A041EC /* PositioningLabelAlternative.swift */,
				910040182BD0081E00A041EC /* YellowView.swift */,
				9100401A2BD0082700A041EC /* BlueView.swift */,
				9100401C2BD0084300A041EC /* Foundations.swift */,
				9100400F2BD0077A00A041EC /* Info.plist */,
			);
			path = PositioningLabelAlternative;
			sourceTree = "<group>";
		};
		910040152BD0079D00A041EC /* File */ = {
			isa = PBXGroup;
			children = (
				9100400A2BD0077A00A041EC /* Assets.xcassets */,
				9100400C2BD0077A00A041EC /* LaunchScreen.storyboard */,
			);
			path = File;
			sourceTree = "<group>";
		};
/* End PBXGroup section */

/* Begin PBXNativeTarget section */
		91003FFD2BD0077900A041EC /* PositioningLabelAlternative */ = {
			isa = PBXNativeTarget;
			buildConfigurationList = 910040122BD0077A00A041EC /* Build configuration list for PBXNativeTarget "PositioningLabelAlternative" */;
			buildPhases = (
				91003FFA2BD0077900A041EC /* Sources */,
				91003FFB2BD0077900A041EC /* Frameworks */,
				91003FFC2BD0077900A041EC /* Resources */,
			);
			buildRules = (
			);
			dependencies = (
			);
			name = PositioningLabelAlternative;
			productName = PositioningLabelAlternative;
			productReference = 91003FFE2BD0077900A041EC /* PositioningLabelAlternative.app */;
			productType = "com.apple.product-type.application";
		};
/* End PBXNativeTarget section */

/* Begin PBXProject section */
		91003FF62BD0077900A041EC /* Project object */ = {
			isa = PBXProject;
			attributes = {
				BuildIndependentTargetsInParallel = 1;
				LastSwiftUpdateCheck = 1330;
				LastUpgradeCheck = 1330;
				TargetAttributes = {
					91003FFD2BD0077900A041EC = {
						CreatedOnToolsVersion = 13.3;
					};
				};
			};
			buildConfigurationList = 91003FF92BD0077900A041EC /* Build configuration list for PBXProject "PositioningLabelAlternative" */;
			compatibilityVersion = "Xcode 13.0";
			developmentRegion = en;
			hasScannedForEncodings = 0;
			knownRegions = (
				en,
				Base,
			);
			mainGroup = 91003FF52BD0077900A041EC;
			productRefGroup = 91003FFF2BD0077900A041EC /* Products */;
			projectDirPath = "";
			projectRoot = "";
			targets = (
				91003FFD2BD0077900A041EC /* PositioningLabelAlternative */,
			);
		};
/* End PBXProject section */

/* Begin PBXResourcesBuildPhase section */
		91003FFC2BD0077900A041EC /* Resources */ = {
			isa = PBXResourcesBuildPhase;
			buildActionMask = 2147483647;
			files = (
				9100400E2BD0077A00A041EC /* LaunchScreen.storyboard in Resources */,
				9100400B2BD0077A00A041EC /* Assets.xcassets in Resources */,
			);
			runOnlyForDeploymentPostprocessing = 0;
		};
/* End PBXResourcesBuildPhase section */

/* Begin PBXSourcesBuildPhase section */
		91003FFA2BD0077900A041EC /* Sources */ = {
			isa = PBXSourcesBuildPhase;
			buildActionMask = 2147483647;
			files = (
				9100401B2BD0082700A041EC /* BlueView.swift in Sources */,
				910040192BD0081E00A041EC /* YellowView.swift in Sources */,
				910040172BD007F400A041EC /* PositioningLabelAlternative.swift in Sources */,
				9100401D2BD0084300A041EC /* Foundations.swift in Sources */,
				910040022BD0077900A041EC /* AppDelegate.swift in Sources */,
			);
			runOnlyForDeploymentPostprocessing = 0;
		};
/* End PBXSourcesBuildPhase section */

/* Begin PBXVariantGroup section */
		9100400C2BD0077A00A041EC /* LaunchScreen.storyboard */ = {
			isa = PBXVariantGroup;
			children = (
				9100400D2BD0077A00A041EC /* Base */,
			);
			name = LaunchScreen.storyboard;
			sourceTree = "<group>";
		};
/* End PBXVariantGroup section */

/* Begin XCBuildConfiguration section */
		910040102BD0077A00A041EC /* Debug */ = {
			isa = XCBuildConfiguration;
			buildSettings = {
				ALWAYS_SEARCH_USER_PATHS = NO;
				CLANG_ANALYZER_NONNULL = YES;
				CLANG_ANALYZER_NUMBER_OBJECT_CONVERSION = YES_AGGRESSIVE;
				CLANG_CXX_LANGUAGE_STANDARD = "gnu++17";
				CLANG_ENABLE_MODULES = YES;
				CLANG_ENABLE_OBJC_ARC = YES;
				CLANG_ENABLE_OBJC_WEAK = YES;
				CLANG_WARN_BLOCK_CAPTURE_AUTORELEASING = YES;
				CLANG_WARN_BOOL_CONVERSION = YES;
				CLANG_WARN_COMMA = YES;
				CLANG_WARN_CONSTANT_CONVERSION = YES;
				CLANG_WARN_DEPRECATED_OBJC_IMPLEMENTATIONS = YES;
				CLANG_WARN_DIRECT_OBJC_ISA_USAGE = YES_ERROR;
				CLANG_WARN_DOCUMENTATION_COMMENTS = YES;
				CLANG_WARN_EMPTY_BODY = YES;
				CLANG_WARN_ENUM_CONVERSION = YES;
				CLANG_WARN_INFINITE_RECURSION = YES;
				CLANG_WARN_INT_CONVERSION = YES;
				CLANG_WARN_NON_LITERAL_NULL_CONVERSION = YES;
				CLANG_WARN_OBJC_IMPLICIT_RETAIN_SELF = YES;
				CLANG_WARN_OBJC_LITERAL_CONVERSION = YES;
				CLANG_WARN_OBJC_ROOT_CLASS = YES_ERROR;
				CLANG_WARN_QUOTED_INCLUDE_IN_FRAMEWORK_HEADER = YES;
				CLANG_WARN_RANGE_LOOP_ANALYSIS = YES;
				CLANG_WARN_STRICT_PROTOTYPES = YES;
				CLANG_WARN_SUSPICIOUS_MOVE = YES;
				CLANG_WARN_UNGUARDED_AVAILABILITY = YES_AGGRESSIVE;
				CLANG_WARN_UNREACHABLE_CODE = YES;
				CLANG_WARN__DUPLICATE_METHOD_MATCH = YES;
				COPY_PHASE_STRIP = NO;
				DEBUG_INFORMATION_FORMAT = dwarf;
				ENABLE_STRICT_OBJC_MSGSEND = YES;
				ENABLE_TESTABILITY = YES;
				GCC_C_LANGUAGE_STANDARD = gnu11;
				GCC_DYNAMIC_NO_PIC = NO;
				GCC_NO_COMMON_BLOCKS = YES;
				GCC_OPTIMIZATION_LEVEL = 0;
				GCC_PREPROCESSOR_DEFINITIONS = (
					"DEBUG=1",
					"$(inherited)",
				);
				GCC_WARN_64_TO_32_BIT_CONVERSION = YES;
				GCC_WARN_ABOUT_RETURN_TYPE = YES_ERROR;
				GCC_WARN_UNDECLARED_SELECTOR = YES;
				GCC_WARN_UNINITIALIZED_AUTOS = YES_AGGRESSIVE;
				GCC_WARN_UNUSED_FUNCTION = YES;
				GCC_WARN_UNUSED_VARIABLE = YES;
				IPHONEOS_DEPLOYMENT_TARGET = 15.4;
				MTL_ENABLE_DEBUG_INFO = INCLUDE_SOURCE;
				MTL_FAST_MATH = YES;
				ONLY_ACTIVE_ARCH = YES;
				SDKROOT = iphoneos;
				SWIFT_ACTIVE_COMPILATION_CONDITIONS = DEBUG;
				SWIFT_OPTIMIZATION_LEVEL = "-Onone";
			};
			name = Debug;
		};
		910040112BD0077A00A041EC /* Release */ = {
			isa = XCBuildConfiguration;
			buildSettings = {
				ALWAYS_SEARCH_USER_PATHS = NO;
				CLANG_ANALYZER_NONNULL = YES;
				CLANG_ANALYZER_NUMBER_OBJECT_CONVERSION = YES_AGGRESSIVE;
				CLANG_CXX_LANGUAGE_STANDARD = "gnu++17";
				CLANG_ENABLE_MODULES = YES;
				CLANG_ENABLE_OBJC_ARC = YES;
				CLANG_ENABLE_OBJC_WEAK = YES;
				CLANG_WARN_BLOCK_CAPTURE_AUTORELEASING = YES;
				CLANG_WARN_BOOL_CONVERSION = YES;
				CLANG_WARN_COMMA = YES;
				CLANG_WARN_CONSTANT_CONVERSION = YES;
				CLANG_WARN_DEPRECATED_OBJC_IMPLEMENTATIONS = YES;
				CLANG_WARN_DIRECT_OBJC_ISA_USAGE = YES_ERROR;
				CLANG_WARN_DOCUMENTATION_COMMENTS = YES;
				CLANG_WARN_EMPTY_BODY = YES;
				CLANG_WARN_ENUM_CONVERSION = YES;
				CLANG_WARN_INFINITE_RECURSION = YES;
				CLANG_WARN_INT_CONVERSION = YES;
				CLANG_WARN_NON_LITERAL_NULL_CONVERSION = YES;
				CLANG_WARN_OBJC_IMPLICIT_RETAIN_SELF = YES;
				CLANG_WARN_OBJC_LITERAL_CONVERSION = YES;
				CLANG_WARN_OBJC_ROOT_CLASS = YES_ERROR;
				CLANG_WARN_QUOTED_INCLUDE_IN_FRAMEWORK_HEADER = YES;
				CLANG_WARN_RANGE_LOOP_ANALYSIS = YES;
				CLANG_WARN_STRICT_PROTOTYPES = YES;
				CLANG_WARN_SUSPICIOUS_MOVE = YES;
				CLANG_WARN_UNGUARDED_AVAILABILITY = YES_AGGRESSIVE;
				CLANG_WARN_UNREACHABLE_CODE = YES;
				CLANG_WARN__DUPLICATE_METHOD_MATCH = YES;
				COPY_PHASE_STRIP = NO;
				DEBUG_INFORMATION_FORMAT = "dwarf-with-dsym";
				ENABLE_NS_ASSERTIONS = NO;
				ENABLE_STRICT_OBJC_MSGSEND = YES;
				GCC_C_LANGUAGE_STANDARD = gnu11;
				GCC_NO_COMMON_BLOCKS = YES;
				GCC_WARN_64_TO_32_BIT_CONVERSION = YES;
				GCC_WARN_ABOUT_RETURN_TYPE = YES_ERROR;
				GCC_WARN_UNDECLARED_SELECTOR = YES;
				GCC_WARN_UNINITIALIZED_AUTOS = YES_AGGRESSIVE;
				GCC_WARN_UNUSED_FUNCTION = YES;
				GCC_WARN_UNUSED_VARIABLE = YES;
				IPHONEOS_DEPLOYMENT_TARGET = 15.4;
				MTL_ENABLE_DEBUG_INFO = NO;
				MTL_FAST_MATH = YES;
				SDKROOT = iphoneos;
				SWIFT_COMPILATION_MODE = wholemodule;
				SWIFT_OPTIMIZATION_LEVEL = "-O";
				VALIDATE_PRODUCT = YES;
			};
			name = Release;
		};
		910040132BD0077A00A041EC /* Debug */ = {
			isa = XCBuildConfiguration;
			buildSettings = {
				ASSETCATALOG_COMPILER_APPICON_NAME = AppIcon;
				ASSETCATALOG_COMPILER_GLOBAL_ACCENT_COLOR_NAME = AccentColor;
				CODE_SIGN_STYLE = Automatic;
				CURRENT_PROJECT_VERSION = 1;
				GENERATE_INFOPLIST_FILE = YES;
				INFOPLIST_FILE = PositioningLabelAlternative/Info.plist;
				INFOPLIST_KEY_UIApplicationSupportsIndirectInputEvents = YES;
				INFOPLIST_KEY_UILaunchStoryboardName = LaunchScreen;
				INFOPLIST_KEY_UISupportedInterfaceOrientations = "UIInterfaceOrientationPortrait UIInterfaceOrientationLandscapeLeft UIInterfaceOrientationLandscapeRight";
				INFOPLIST_KEY_UISupportedInterfaceOrientations_iPad = "UIInterfaceOrientationPortrait UIInterfaceOrientationPortraitUpsideDown UIInterfaceOrientationLandscapeLeft UIInterfaceOrientationLandscapeRight";
				INFOPLIST_KEY_UISupportedInterfaceOrientations_iPhone = "UIInterfaceOrientationPortrait UIInterfaceOrientationLandscapeLeft UIInterfaceOrientationLandscapeRight";
				LD_RUNPATH_SEARCH_PATHS = (
					"$(inherited)",
					"@executable_path/Frameworks",
				);
				MARKETING_VERSION = 1.0;
				PRODUCT_BUNDLE_IDENTIFIER = com.starterapp.PositioningLabelAlternative;
				PRODUCT_NAME = "$(TARGET_NAME)";
				SWIFT_EMIT_LOC_STRINGS = YES;
				SWIFT_VERSION = 5.0;
				TARGETED_DEVICE_FAMILY = "1,2";
			};
			name = Debug;
		};
		910040142BD0077A00A041EC /* Release */ = {
			isa = XCBuildConfiguration;
			buildSettings = {
				ASSETCATALOG_COMPILER_APPICON_NAME = AppIcon;
				ASSETCATALOG_COMPILER_GLOBAL_ACCENT_COLOR_NAME = AccentColor;
				CODE_SIGN_STYLE = Automatic;
				CURRENT_PROJECT_VERSION = 1;
				GENERATE_INFOPLIST_FILE = YES;
				INFOPLIST_FILE = PositioningLabelAlternative/Info.plist;
				INFOPLIST_KEY_UIApplicationSupportsIndirectInputEvents = YES;
				INFOPLIST_KEY_UILaunchStoryboardName = LaunchScreen;
				INFOPLIST_KEY_UISupportedInterfaceOrientations = "UIInterfaceOrientationPortrait UIInterfaceOrientationLandscapeLeft UIInterfaceOrientationLandscapeRight";
				INFOPLIST_KEY_UISupportedInterfaceOrientations_iPad = "UIInterfaceOrientationPortrait UIInterfaceOrientationPortraitUpsideDown UIInterfaceOrientationLandscapeLeft UIInterfaceOrientationLandscapeRight";
				INFOPLIST_KEY_UISupportedInterfaceOrientations_iPhone = "UIInterfaceOrientationPortrait UIInterfaceOrientationLandscapeLeft UIInterfaceOrientationLandscapeRight";
				LD_RUNPATH_SEARCH_PATHS = (
					"$(inherited)",
					"@executable_path/Frameworks",
				);
				MARKETING_VERSION = 1.0;
				PRODUCT_BUNDLE_IDENTIFIER = com.starterapp.PositioningLabelAlternative;
				PRODUCT_NAME = "$(TARGET_NAME)";
				SWIFT_EMIT_LOC_STRINGS = YES;
				SWIFT_VERSION = 5.0;
				TARGETED_DEVICE_FAMILY = "1,2";
			};
			name = Release;
		};
/* End XCBuildConfiguration section */

/* Begin XCConfigurationList section */
		91003FF92BD0077900A041EC /* Build configuration list for PBXProject "PositioningLabelAlternative" */ = {
			isa = XCConfigurationList;
			buildConfigurations = (
				910040102BD0077A00A041EC /* Debug */,
				910040112BD0077A00A041EC /* Release */,
			);
			defaultConfigurationIsVisible = 0;
			defaultConfigurationName = Release;
		};
		910040122BD0077A00A041EC /* Build configuration list for PBXNativeTarget "PositioningLabelAlternative" */ = {
			isa = XCConfigurationList;
			buildConfigurations = (
				910040132BD0077A00A041EC /* Debug */,
				910040142BD0077A00A041EC /* Release */,
			);
			defaultConfigurationIsVisible = 0;
			defaultConfigurationName = Release;
		};
/* End XCConfigurationList section */
	};
	rootObject = 91003FF62BD0077900A041EC /* Project object */;
}
