// !$*UTF8*$!
{
	archiveVersion = 1;
	classes = {
	};
	objectVersion = 55;
	objects = {

/* Begin PBXBuildFile section */
		912D50A22BC12428004FC0C2 /* AppDelegate.swift in Sources */ = {isa = PBXBuildFile; fileRef = 912D50A12BC12428004FC0C2 /* AppDelegate.swift */; };
		912D50AB2BC12429004FC0C2 /* Assets.xcassets in Resources */ = {isa = PBXBuildFile; fileRef = 912D50AA2BC12429004FC0C2 /* Assets.xcassets */; };
		912D50AE2BC12429004FC0C2 /* LaunchScreen.storyboard in Resources */ = {isa = PBXBuildFile; fileRef = 912D50AC2BC12429004FC0C2 /* LaunchScreen.storyboard */; };
		912D50B72BC12493004FC0C2 /* PositioningLabel.swift in Sources */ = {isa = PBXBuildFile; fileRef = 912D50B62BC12493004FC0C2 /* PositioningLabel.swift */; };
		912D50B92BC124C5004FC0C2 /* YellowView.swift in Sources */ = {isa = PBXBuildFile; fileRef = 912D50B82BC124C5004FC0C2 /* YellowView.swift */; };
		912D50BB2BC124E4004FC0C2 /* BlueView.swift in Sources */ = {isa = PBXBuildFile; fileRef = 912D50BA2BC124E4004FC0C2 /* BlueView.swift */; };
		912D50BD2BC124F0004FC0C2 /* Foundations.swift in Sources */ = {isa = PBXBuildFile; fileRef = 912D50BC2BC124F0004FC0C2 /* Foundations.swift */; };
/* End PBXBuildFile section */

/* Begin PBXFileReference section */
		912D509E2BC12428004FC0C2 /* PositioningLabel.app */ = {isa = PBXFileReference; explicitFileType = wrapper.application; includeInIndex = 0; path = PositioningLabel.app; sourceTree = BUILT_PRODUCTS_DIR; };
		912D50A12BC12428004FC0C2 /* AppDelegate.swift */ = {isa = PBXFileReference; lastKnownFileType = sourcecode.swift; path = AppDelegate.swift; sourceTree = "<group>"; };
		912D50AA2BC12429004FC0C2 /* Assets.xcassets */ = {isa = PBXFileReference; lastKnownFileType = folder.assetcatalog; path = Assets.xcassets; sourceTree = "<group>"; };
		912D50AD2BC12429004FC0C2 /* Base */ = {isa = PBXFileReference; lastKnownFileType = file.storyboard; name = Base; path = Base.lproj/LaunchScreen.storyboard; sourceTree = "<group>"; };
		912D50AF2BC12429004FC0C2 /* Info.plist */ = {isa = PBXFileReference; lastKnownFileType = text.plist.xml; path = Info.plist; sourceTree = "<group>"; };
		912D50B62BC12493004FC0C2 /* PositioningLabel.swift */ = {isa = PBXFileReference; lastKnownFileType = sourcecode.swift; path = PositioningLabel.swift; sourceTree = "<group>"; };
		912D50B82BC124C5004FC0C2 /* YellowView.swift */ = {isa = PBXFileReference; lastKnownFileType = sourcecode.swift; path = YellowView.swift; sourceTree = "<group>"; };
		912D50BA2BC124E4004FC0C2 /* BlueView.swift */ = {isa = PBXFileReference; lastKnownFileType = sourcecode.swift; path = BlueView.swift; sourceTree = "<group>"; };
		912D50BC2BC124F0004FC0C2 /* Foundations.swift */ = {isa = PBXFileReference; lastKnownFileType = sourcecode.swift; path = Foundations.swift; sourceTree = "<group>"; };
/* End PBXFileReference section */

/* Begin PBXFrameworksBuildPhase section */
		912D509B2BC12428004FC0C2 /* Frameworks */ = {
			isa = PBXFrameworksBuildPhase;
			buildActionMask = 2147483647;
			files = (
			);
			runOnlyForDeploymentPostprocessing = 0;
		};
/* End PBXFrameworksBuildPhase section */

/* Begin PBXGroup section */
		912D50952BC12428004FC0C2 = {
			isa = PBXGroup;
			children = (
				912D50A02BC12428004FC0C2 /* PositioningLabel */,
				912D509F2BC12428004FC0C2 /* Products */,
			);
			sourceTree = "<group>";
		};
		912D509F2BC12428004FC0C2 /* Products */ = {
			isa = PBXGroup;
			children = (
				912D509E2BC12428004FC0C2 /* PositioningLabel.app */,
			);
			name = Products;
			sourceTree = "<group>";
		};
		912D50A02BC12428004FC0C2 /* PositioningLabel */ = {
			isa = PBXGroup;
			children = (
				912D50B52BC12440004FC0C2 /* File */,
				912D50A12BC12428004FC0C2 /* AppDelegate.swift */,
				912D50B62BC12493004FC0C2 /* PositioningLabel.swift */,
				912D50B82BC124C5004FC0C2 /* YellowView.swift */,
				912D50BA2BC124E4004FC0C2 /* BlueView.swift */,
				912D50BC2BC124F0004FC0C2 /* Foundations.swift */,
				912D50AF2BC12429004FC0C2 /* Info.plist */,
			);
			path = PositioningLabel;
			sourceTree = "<group>";
		};
		912D50B52BC12440004FC0C2 /* File */ = {
			isa = PBXGroup;
			children = (
				912D50AC2BC12429004FC0C2 /* LaunchScreen.storyboard */,
				912D50AA2BC12429004FC0C2 /* Assets.xcassets */,
			);
			path = File;
			sourceTree = "<group>";
		};
/* End PBXGroup section */

/* Begin PBXNativeTarget section */
		912D509D2BC12428004FC0C2 /* PositioningLabel */ = {
			isa = PBXNativeTarget;
			buildConfigurationList = 912D50B22BC12429004FC0C2 /* Build configuration list for PBXNativeTarget "PositioningLabel" */;
			buildPhases = (
				912D509A2BC12428004FC0C2 /* Sources */,
				912D509B2BC12428004FC0C2 /* Frameworks */,
				912D509C2BC12428004FC0C2 /* Resources */,
			);
			buildRules = (
			);
			dependencies = (
			);
			name = PositioningLabel;
			productName = PositioningLabel;
			productReference = 912D509E2BC12428004FC0C2 /* PositioningLabel.app */;
			productType = "com.apple.product-type.application";
		};
/* End PBXNativeTarget section */

/* Begin PBXProject section */
		912D50962BC12428004FC0C2 /* Project object */ = {
			isa = PBXProject;
			attributes = {
				BuildIndependentTargetsInParallel = 1;
				LastSwiftUpdateCheck = 1330;
				LastUpgradeCheck = 1330;
				TargetAttributes = {
					912D509D2BC12428004FC0C2 = {
						CreatedOnToolsVersion = 13.3;
					};
				};
			};
			buildConfigurationList = 912D50992BC12428004FC0C2 /* Build configuration list for PBXProject "PositioningLabel" */;
			compatibilityVersion = "Xcode 13.0";
			developmentRegion = en;
			hasScannedForEncodings = 0;
			knownRegions = (
				en,
				Base,
			);
			mainGroup = 912D50952BC12428004FC0C2;
			productRefGroup = 912D509F2BC12428004FC0C2 /* Products */;
			projectDirPath = "";
			projectRoot = "";
			targets = (
				912D509D2BC12428004FC0C2 /* PositioningLabel */,
			);
		};
/* End PBXProject section */

/* Begin PBXResourcesBuildPhase section */
		912D509C2BC12428004FC0C2 /* Resources */ = {
			isa = PBXResourcesBuildPhase;
			buildActionMask = 2147483647;
			files = (
				912D50AE2BC12429004FC0C2 /* LaunchScreen.storyboard in Resources */,
				912D50AB2BC12429004FC0C2 /* Assets.xcassets in Resources */,
			);
			runOnlyForDeploymentPostprocessing = 0;
		};
/* End PBXResourcesBuildPhase section */

/* Begin PBXSourcesBuildPhase section */
		912D509A2BC12428004FC0C2 /* Sources */ = {
			isa = PBXSourcesBuildPhase;
			buildActionMask = 2147483647;
			files = (
				912D50BB2BC124E4004FC0C2 /* BlueView.swift in Sources */,
				912D50B72BC12493004FC0C2 /* PositioningLabel.swift in Sources */,
				912D50A22BC12428004FC0C2 /* AppDelegate.swift in Sources */,
				912D50BD2BC124F0004FC0C2 /* Foundations.swift in Sources */,
				912D50B92BC124C5004FC0C2 /* YellowView.swift in Sources */,
			);
			runOnlyForDeploymentPostprocessing = 0;
		};
/* End PBXSourcesBuildPhase section */

/* Begin PBXVariantGroup section */
		912D50AC2BC12429004FC0C2 /* LaunchScreen.storyboard */ = {
			isa = PBXVariantGroup;
			children = (
				912D50AD2BC12429004FC0C2 /* Base */,
			);
			name = LaunchScreen.storyboard;
			sourceTree = "<group>";
		};
/* End PBXVariantGroup section */

/* Begin XCBuildConfiguration section */
		912D50B02BC12429004FC0C2 /* Debug */ = {
			isa = XCBuildConfiguration;
			buildSettings = {
				ALWAYS_SEARCH_USER_PATHS = NO;
				CLANG_ANALYZER_NONNULL = YES;
				CLANG_ANALYZER_NUMBER_OBJECT_CONVERSION = YES_AGGRESSIVE;
				CLANG_CXX_LANGUAGE_STANDARD = "gnu++17";
				CLANG_ENABLE_MODULES = YES;
				CLANG_ENABLE_OBJC_ARC = YES;
				CLANG_ENABLE_OBJC_WEAK = YES;
				CLANG_WARN_BLOCK_CAPTURE_AUTORELEASING = YES;
				CLANG_WARN_BOOL_CONVERSION = YES;
				CLANG_WARN_COMMA = YES;
				CLANG_WARN_CONSTANT_CONVERSION = YES;
				CLANG_WARN_DEPRECATED_OBJC_IMPLEMENTATIONS = YES;
				CLANG_WARN_DIRECT_OBJC_ISA_USAGE = YES_ERROR;
				CLANG_WARN_DOCUMENTATION_COMMENTS = YES;
				CLANG_WARN_EMPTY_BODY = YES;
				CLANG_WARN_ENUM_CONVERSION = YES;
				CLANG_WARN_INFINITE_RECURSION = YES;
				CLANG_WARN_INT_CONVERSION = YES;
				CLANG_WARN_NON_LITERAL_NULL_CONVERSION = YES;
				CLANG_WARN_OBJC_IMPLICIT_RETAIN_SELF = YES;
				CLANG_WARN_OBJC_LITERAL_CONVERSION = YES;
				CLANG_WARN_OBJC_ROOT_CLASS = YES_ERROR;
				CLANG_WARN_QUOTED_INCLUDE_IN_FRAMEWORK_HEADER = YES;
				CLANG_WARN_RANGE_LOOP_ANALYSIS = YES;
				CLANG_WARN_STRICT_PROTOTYPES = YES;
				CLANG_WARN_SUSPICIOUS_MOVE = YES;
				CLANG_WARN_UNGUARDED_AVAILABILITY = YES_AGGRESSIVE;
				CLANG_WARN_UNREACHABLE_CODE = YES;
				CLANG_WARN__DUPLICATE_METHOD_MATCH = YES;
				COPY_PHASE_STRIP = NO;
				DEBUG_INFORMATION_FORMAT = dwarf;
				ENABLE_STRICT_OBJC_MSGSEND = YES;
				ENABLE_TESTABILITY = YES;
				GCC_C_LANGUAGE_STANDARD = gnu11;
				GCC_DYNAMIC_NO_PIC = NO;
				GCC_NO_COMMON_BLOCKS = YES;
				GCC_OPTIMIZATION_LEVEL = 0;
				GCC_PREPROCESSOR_DEFINITIONS = (
					"DEBUG=1",
					"$(inherited)",
				);
				GCC_WARN_64_TO_32_BIT_CONVERSION = YES;
				GCC_WARN_ABOUT_RETURN_TYPE = YES_ERROR;
				GCC_WARN_UNDECLARED_SELECTOR = YES;
				GCC_WARN_UNINITIALIZED_AUTOS = YES_AGGRESSIVE;
				GCC_WARN_UNUSED_FUNCTION = YES;
				GCC_WARN_UNUSED_VARIABLE = YES;
				IPHONEOS_DEPLOYMENT_TARGET = 15.4;
				MTL_ENABLE_DEBUG_INFO = INCLUDE_SOURCE;
				MTL_FAST_MATH = YES;
				ONLY_ACTIVE_ARCH = YES;
				SDKROOT = iphoneos;
				SWIFT_ACTIVE_COMPILATION_CONDITIONS = DEBUG;
				SWIFT_OPTIMIZATION_LEVEL = "-Onone";
			};
			name = Debug;
		};
		912D50B12BC12429004FC0C2 /* Release */ = {
			isa = XCBuildConfiguration;
			buildSettings = {
				ALWAYS_SEARCH_USER_PATHS = NO;
				CLANG_ANALYZER_NONNULL = YES;
				CLANG_ANALYZER_NUMBER_OBJECT_CONVERSION = YES_AGGRESSIVE;
				CLANG_CXX_LANGUAGE_STANDARD = "gnu++17";
				CLANG_ENABLE_MODULES = YES;
				CLANG_ENABLE_OBJC_ARC = YES;
				CLANG_ENABLE_OBJC_WEAK = YES;
				CLANG_WARN_BLOCK_CAPTURE_AUTORELEASING = YES;
				CLANG_WARN_BOOL_CONVERSION = YES;
				CLANG_WARN_COMMA = YES;
				CLANG_WARN_CONSTANT_CONVERSION = YES;
				CLANG_WARN_DEPRECATED_OBJC_IMPLEMENTATIONS = YES;
				CLANG_WARN_DIRECT_OBJC_ISA_USAGE = YES_ERROR;
				CLANG_WARN_DOCUMENTATION_COMMENTS = YES;
				CLANG_WARN_EMPTY_BODY = YES;
				CLANG_WARN_ENUM_CONVERSION = YES;
				CLANG_WARN_INFINITE_RECURSION = YES;
				CLANG_WARN_INT_CONVERSION = YES;
				CLANG_WARN_NON_LITERAL_NULL_CONVERSION = YES;
				CLANG_WARN_OBJC_IMPLICIT_RETAIN_SELF = YES;
				CLANG_WARN_OBJC_LITERAL_CONVERSION = YES;
				CLANG_WARN_OBJC_ROOT_CLASS = YES_ERROR;
				CLANG_WARN_QUOTED_INCLUDE_IN_FRAMEWORK_HEADER = YES;
				CLANG_WARN_RANGE_LOOP_ANALYSIS = YES;
				CLANG_WARN_STRICT_PROTOTYPES = YES;
				CLANG_WARN_SUSPICIOUS_MOVE = YES;
				CLANG_WARN_UNGUARDED_AVAILABILITY = YES_AGGRESSIVE;
				CLANG_WARN_UNREACHABLE_CODE = YES;
				CLANG_WARN__DUPLICATE_METHOD_MATCH = YES;
				COPY_PHASE_STRIP = NO;
				DEBUG_INFORMATION_FORMAT = "dwarf-with-dsym";
				ENABLE_NS_ASSERTIONS = NO;
				ENABLE_STRICT_OBJC_MSGSEND = YES;
				GCC_C_LANGUAGE_STANDARD = gnu11;
				GCC_NO_COMMON_BLOCKS = YES;
				GCC_WARN_64_TO_32_BIT_CONVERSION = YES;
				GCC_WARN_ABOUT_RETURN_TYPE = YES_ERROR;
				GCC_WARN_UNDECLARED_SELECTOR = YES;
				GCC_WARN_UNINITIALIZED_AUTOS = YES_AGGRESSIVE;
				GCC_WARN_UNUSED_FUNCTION = YES;
				GCC_WARN_UNUSED_VARIABLE = YES;
				IPHONEOS_DEPLOYMENT_TARGET = 15.4;
				MTL_ENABLE_DEBUG_INFO = NO;
				MTL_FAST_MATH = YES;
				SDKROOT = iphoneos;
				SWIFT_COMPILATION_MODE = wholemodule;
				SWIFT_OPTIMIZATION_LEVEL = "-O";
				VALIDATE_PRODUCT = YES;
			};
			name = Release;
		};
		912D50B32BC12429004FC0C2 /* Debug */ = {
			isa = XCBuildConfiguration;
			buildSettings = {
				ASSETCATALOG_COMPILER_APPICON_NAME = AppIcon;
				ASSETCATALOG_COMPILER_GLOBAL_ACCENT_COLOR_NAME = AccentColor;
				CODE_SIGN_STYLE = Automatic;
				CURRENT_PROJECT_VERSION = 1;
				GENERATE_INFOPLIST_FILE = YES;
				INFOPLIST_FILE = PositioningLabel/Info.plist;
				INFOPLIST_KEY_UIApplicationSupportsIndirectInputEvents = YES;
				INFOPLIST_KEY_UILaunchStoryboardName = LaunchScreen;
				INFOPLIST_KEY_UISupportedInterfaceOrientations_iPad = "UIInterfaceOrientationPortrait UIInterfaceOrientationPortraitUpsideDown UIInterfaceOrientationLandscapeLeft UIInterfaceOrientationLandscapeRight";
				INFOPLIST_KEY_UISupportedInterfaceOrientations_iPhone = "UIInterfaceOrientationPortrait UIInterfaceOrientationLandscapeLeft UIInterfaceOrientationLandscapeRight";
				LD_RUNPATH_SEARCH_PATHS = (
					"$(inherited)",
					"@executable_path/Frameworks",
				);
				MARKETING_VERSION = 1.0;
				PRODUCT_BUNDLE_IDENTIFIER = com.starterapp.PositioningLabel;
				PRODUCT_NAME = "$(TARGET_NAME)";
				SWIFT_EMIT_LOC_STRINGS = YES;
				SWIFT_VERSION = 5.0;
				TARGETED_DEVICE_FAMILY = "1,2";
			};
			name = Debug;
		};
		912D50B42BC12429004FC0C2 /* Release */ = {
			isa = XCBuildConfiguration;
			buildSettings = {
				ASSETCATALOG_COMPILER_APPICON_NAME = AppIcon;
				ASSETCATALOG_COMPILER_GLOBAL_ACCENT_COLOR_NAME = AccentColor;
				CODE_SIGN_STYLE = Automatic;
				CURRENT_PROJECT_VERSION = 1;
				GENERATE_INFOPLIST_FILE = YES;
				INFOPLIST_FILE = PositioningLabel/Info.plist;
				INFOPLIST_KEY_UIApplicationSupportsIndirectInputEvents = YES;
				INFOPLIST_KEY_UILaunchStoryboardName = LaunchScreen;
				INFOPLIST_KEY_UISupportedInterfaceOrientations_iPad = "UIInterfaceOrientationPortrait UIInterfaceOrientationPortraitUpsideDown UIInterfaceOrientationLandscapeLeft UIInterfaceOrientationLandscapeRight";
				INFOPLIST_KEY_UISupportedInterfaceOrientations_iPhone = "UIInterfaceOrientationPortrait UIInterfaceOrientationLandscapeLeft UIInterfaceOrientationLandscapeRight";
				LD_RUNPATH_SEARCH_PATHS = (
					"$(inherited)",
					"@executable_path/Frameworks",
				);
				MARKETING_VERSION = 1.0;
				PRODUCT_BUNDLE_IDENTIFIER = com.starterapp.PositioningLabel;
				PRODUCT_NAME = "$(TARGET_NAME)";
				SWIFT_EMIT_LOC_STRINGS = YES;
				SWIFT_VERSION = 5.0;
				TARGETED_DEVICE_FAMILY = "1,2";
			};
			name = Release;
		};
/* End XCBuildConfiguration section */

/* Begin XCConfigurationList section */
		912D50992BC12428004FC0C2 /* Build configuration list for PBXProject "PositioningLabel" */ = {
			isa = XCConfigurationList;
			buildConfigurations = (
				912D50B02BC12429004FC0C2 /* Debug */,
				912D50B12BC12429004FC0C2 /* Release */,
			);
			defaultConfigurationIsVisible = 0;
			defaultConfigurationName = Release;
		};
		912D50B22BC12429004FC0C2 /* Build configuration list for PBXNativeTarget "PositioningLabel" */ = {
			isa = XCConfigurationList;
			buildConfigurations = (
				912D50B32BC12429004FC0C2 /* Debug */,
				912D50B42BC12429004FC0C2 /* Release */,
			);
			defaultConfigurationIsVisible = 0;
			defaultConfigurationName = Release;
		};
/* End XCConfigurationList section */
	};
	rootObject = 912D50962BC12428004FC0C2 /* Project object */;
}
